
Microsoft Visual Studio Solution File, Format Version 12.00
# Visual Studio Version 17
VisualStudioVersion = 17.5.002.0
MinimumVisualStudioVersion = 10.0.40219.1
Project("{2150E333-8FDC-42A3-9474-1A3956D46DE8}") = "Exercicio5", "Exercicio5", "{3E2F7377-69EB-49C1-9534-3F112972FCCA}"
EndProject
Project("{9A19103F-16F7-4668-BE54-9A1E7A4F7556}") = "Ex05", "Exercicio5\Ex05\Ex05.csproj", "{59C6BC8A-8F37-4BF7-8D4F-0A9658A68DC2}"
EndProject
Global
	GlobalSection(SolutionConfigurationPlatforms) = preSolution
		Debug|Any CPU = Debug|Any CPU
		Release|Any CPU = Release|Any CPU
	EndGlobalSection
	GlobalSection(ProjectConfigurationPlatforms) = postSolution
		{59C6BC8A-8F37-4BF7-8D4F-0A9658A68DC2}.Debug|Any CPU.ActiveCfg = Debug|Any CPU
		{59C6BC8A-8F37-4BF7-8D4F-0A9658A68DC2}.Debug|Any CPU.Build.0 = Debug|Any CPU
		{59C6BC8A-8F37-4BF7-8D4F-0A9658A68DC2}.Release|Any CPU.ActiveCfg = Release|Any CPU
		{59C6BC8A-8F37-4BF7-8D4F-0A9658A68DC2}.Release|Any CPU.Build.0 = Release|Any CPU
	EndGlobalSection
	GlobalSection(SolutionProperties) = preSolution
		HideSolutionNode = FALSE
	EndGlobalSection
	GlobalSection(NestedProjects) = preSolution
		{59C6BC8A-8F37-4BF7-8D4F-0A9658A68DC2} = {3E2F7377-69EB-49C1-9534-3F112972FCCA}
	EndGlobalSection
	GlobalSection(ExtensibilityGlobals) = postSolution
		SolutionGuid = {DF932BC5-3F18-4EF2-8C56-0082DC97C006}
	EndGlobalSection
EndGlobal
